
Microsoft Visual Studio Solution File, Format Version 12.00
# Visual Studio Version 17
VisualStudioVersion = 17.7.34031.279
MinimumVisualStudioVersion = 10.0.40219.1
Project("{FAE04EC0-301F-11D3-BF4B-00C04F79EFBC}") = "Modbus IP", "Modbus IP\Modbus IP.csproj", "{56B127BC-439B-4EB6-840A-80D2EA18F9AE}"
EndProject
Global
	GlobalSection(SolutionConfigurationPlatforms) = preSolution
		Debug|Any CPU = Debug|Any CPU
		Release|Any CPU = Release|Any CPU
	EndGlobalSection
	GlobalSection(ProjectConfigurationPlatforms) = postSolution
		{56B127BC-439B-4EB6-840A-80D2EA18F9AE}.Debug|Any CPU.ActiveCfg = Debug|Any CPU
		{56B127BC-439B-4EB6-840A-80D2EA18F9AE}.Debug|Any CPU.Build.0 = Debug|Any CPU
		{56B127BC-439B-4EB6-840A-80D2EA18F9AE}.Release|Any CPU.ActiveCfg = Release|Any CPU
		{56B127BC-439B-4EB6-840A-80D2EA18F9AE}.Release|Any CPU.Build.0 = Release|Any CPU
	EndGlobalSection
	GlobalSection(SolutionProperties) = preSolution
		HideSolutionNode = FALSE
	EndGlobalSection
	GlobalSection(ExtensibilityGlobals) = postSolution
		SolutionGuid = {419C07D1-4AC7-4483-B88D-44D5AA4CABA3}
	EndGlobalSection
EndGlobal
